// !$*UTF8*$!
{
	archiveVersion = 1;
	classes = {
	};
	objectVersion = 46;
	objects = {

/* Begin PBXBuildFile section */
		7E0502541D34283500B874EC /* MCVideoPlayer.swift in Sources */ = {isa = PBXBuildFile; fileRef = 7E0502531D34283500B874EC /* MCVideoPlayer.swift */; };
		7E05025A1D3428C800B874EC /* video.mov in Resources */ = {isa = PBXBuildFile; fileRef = 7E0502591D3428C800B874EC /* video.mov */; };
		7E8167191D2C2B27009003A4 /* MCNewPackWordsViewController.swift in Sources */ = {isa = PBXBuildFile; fileRef = 7E8167181D2C2B27009003A4 /* MCNewPackWordsViewController.swift */; };
		E0231F0D1D29CE6A00DC7A24 /* MCMoviesViewController.swift in Sources */ = {isa = PBXBuildFile; fileRef = E0231F0C1D29CE6A00DC7A24 /* MCMoviesViewController.swift */; };
		E0231F111D29CEE900DC7A24 /* MCMoviesTableViewCell.swift in Sources */ = {isa = PBXBuildFile; fileRef = E0231F101D29CEE900DC7A24 /* MCMoviesTableViewCell.swift */; };
		E0231F131D29CEF700DC7A24 /* MCMoviePacksTableViewCell.swift in Sources */ = {isa = PBXBuildFile; fileRef = E0231F121D29CEF700DC7A24 /* MCMoviePacksTableViewCell.swift */; };
		E0231F281D29D25900DC7A24 /* FrameView.swift in Sources */ = {isa = PBXBuildFile; fileRef = E0231F151D29D25900DC7A24 /* FrameView.swift */; };
		E0231F291D29D25900DC7A24 /* HUD.swift in Sources */ = {isa = PBXBuildFile; fileRef = E0231F161D29D25900DC7A24 /* HUD.swift */; };
		E0231F2A1D29D25900DC7A24 /* Images.xcassets in Resources */ = {isa = PBXBuildFile; fileRef = E0231F171D29D25900DC7A24 /* Images.xcassets */; };
		E0231F2B1D29D25900DC7A24 /* Info.plist in Resources */ = {isa = PBXBuildFile; fileRef = E0231F181D29D25900DC7A24 /* Info.plist */; };
		E0231F2C1D29D25900DC7A24 /* PKHUD.swift in Sources */ = {isa = PBXBuildFile; fileRef = E0231F1A1D29D25900DC7A24 /* PKHUD.swift */; };
		E0231F2D1D29D25900DC7A24 /* PKHUDAnimating.swift in Sources */ = {isa = PBXBuildFile; fileRef = E0231F1B1D29D25900DC7A24 /* PKHUDAnimating.swift */; };
		E0231F2E1D29D25900DC7A24 /* PKHUDAnimation.swift in Sources */ = {isa = PBXBuildFile; fileRef = E0231F1C1D29D25900DC7A24 /* PKHUDAnimation.swift */; };
		E0231F2F1D29D25900DC7A24 /* PKHUDAssets.swift in Sources */ = {isa = PBXBuildFile; fileRef = E0231F1D1D29D25900DC7A24 /* PKHUDAssets.swift */; };
		E0231F301D29D25900DC7A24 /* PKHUDErrorView.swift in Sources */ = {isa = PBXBuildFile; fileRef = E0231F1E1D29D25900DC7A24 /* PKHUDErrorView.swift */; };
		E0231F311D29D25900DC7A24 /* PKHUDProgressView.swift in Sources */ = {isa = PBXBuildFile; fileRef = E0231F1F1D29D25900DC7A24 /* PKHUDProgressView.swift */; };
		E0231F321D29D25900DC7A24 /* PKHUDRotatingImageView.swift in Sources */ = {isa = PBXBuildFile; fileRef = E0231F201D29D25900DC7A24 /* PKHUDRotatingImageView.swift */; };
		E0231F331D29D25900DC7A24 /* PKHUDSquareBaseView.swift in Sources */ = {isa = PBXBuildFile; fileRef = E0231F211D29D25900DC7A24 /* PKHUDSquareBaseView.swift */; };
		E0231F341D29D25900DC7A24 /* PKHUDSuccessView.swift in Sources */ = {isa = PBXBuildFile; fileRef = E0231F221D29D25900DC7A24 /* PKHUDSuccessView.swift */; };
		E0231F351D29D25900DC7A24 /* PKHUDSystemActivityIndicatorView.swift in Sources */ = {isa = PBXBuildFile; fileRef = E0231F231D29D25900DC7A24 /* PKHUDSystemActivityIndicatorView.swift */; };
		E0231F361D29D25900DC7A24 /* PKHUDTextView.swift in Sources */ = {isa = PBXBuildFile; fileRef = E0231F241D29D25900DC7A24 /* PKHUDTextView.swift */; };
		E0231F371D29D25900DC7A24 /* PKHUDWideBaseView.swift in Sources */ = {isa = PBXBuildFile; fileRef = E0231F251D29D25900DC7A24 /* PKHUDWideBaseView.swift */; };
		E0231F381D29D25900DC7A24 /* Window.swift in Sources */ = {isa = PBXBuildFile; fileRef = E0231F261D29D25900DC7A24 /* Window.swift */; };
		E0231F391D29D25900DC7A24 /* WindowRootViewController.swift in Sources */ = {isa = PBXBuildFile; fileRef = E0231F271D29D25900DC7A24 /* WindowRootViewController.swift */; };
		E0231F421D29D2BC00DC7A24 /* Bolts.framework in Frameworks */ = {isa = PBXBuildFile; fileRef = E0231F3C1D29D2BC00DC7A24 /* Bolts.framework */; };
		E0231F431D29D2BC00DC7A24 /* Parse.framework in Frameworks */ = {isa = PBXBuildFile; fileRef = E0231F3D1D29D2BC00DC7A24 /* Parse.framework */; };
		E0231F441D29D2BC00DC7A24 /* ParseFacebookUtils.framework in Frameworks */ = {isa = PBXBuildFile; fileRef = E0231F3E1D29D2BC00DC7A24 /* ParseFacebookUtils.framework */; };
		E0231F451D29D2BC00DC7A24 /* ParseFacebookUtilsV4.framework in Frameworks */ = {isa = PBXBuildFile; fileRef = E0231F3F1D29D2BC00DC7A24 /* ParseFacebookUtilsV4.framework */; };
		E0231F461D29D2BC00DC7A24 /* ParseTwitterUtils.framework in Frameworks */ = {isa = PBXBuildFile; fileRef = E0231F401D29D2BC00DC7A24 /* ParseTwitterUtils.framework */; };
		E0231F471D29D2BC00DC7A24 /* ParseUI.framework in Frameworks */ = {isa = PBXBuildFile; fileRef = E0231F411D29D2BC00DC7A24 /* ParseUI.framework */; };
		E0231F491D29D2CE00DC7A24 /* AudioToolbox.framework in Frameworks */ = {isa = PBXBuildFile; fileRef = E0231F481D29D2CE00DC7A24 /* AudioToolbox.framework */; };
		E0231F4B1D29D2D500DC7A24 /* CFNetwork.framework in Frameworks */ = {isa = PBXBuildFile; fileRef = E0231F4A1D29D2D500DC7A24 /* CFNetwork.framework */; };
		E0231F4D1D29D2DC00DC7A24 /* CoreGraphics.framework in Frameworks */ = {isa = PBXBuildFile; fileRef = E0231F4C1D29D2DC00DC7A24 /* CoreGraphics.framework */; };
		E0231F4F1D29D2E200DC7A24 /* CoreLocation.framework in Frameworks */ = {isa = PBXBuildFile; fileRef = E0231F4E1D29D2E200DC7A24 /* CoreLocation.framework */; };
		E0231F511D29D2E900DC7A24 /* QuartzCore.framework in Frameworks */ = {isa = PBXBuildFile; fileRef = E0231F501D29D2E900DC7A24 /* QuartzCore.framework */; };
		E0231F531D29D2F000DC7A24 /* Security.framework in Frameworks */ = {isa = PBXBuildFile; fileRef = E0231F521D29D2F000DC7A24 /* Security.framework */; };
		E0231F551D29D2F600DC7A24 /* StoreKit.framework in Frameworks */ = {isa = PBXBuildFile; fileRef = E0231F541D29D2F600DC7A24 /* StoreKit.framework */; };
		E0231F571D29D2FC00DC7A24 /* SystemConfiguration.framework in Frameworks */ = {isa = PBXBuildFile; fileRef = E0231F561D29D2FC00DC7A24 /* SystemConfiguration.framework */; };
		E0231F591D29D30100DC7A24 /* libz.tbd in Frameworks */ = {isa = PBXBuildFile; fileRef = E0231F581D29D30100DC7A24 /* libz.tbd */; };
		E0231F5B1D29D30700DC7A24 /* libsqlite3.tbd in Frameworks */ = {isa = PBXBuildFile; fileRef = E0231F5A1D29D30700DC7A24 /* libsqlite3.tbd */; };
		E0231F5D1D29D5DE00DC7A24 /* MCOnlinePack.swift in Sources */ = {isa = PBXBuildFile; fileRef = E0231F5C1D29D5DE00DC7A24 /* MCOnlinePack.swift */; };
		E0231F5F1D29E21A00DC7A24 /* MCHandlers.swift in Sources */ = {isa = PBXBuildFile; fileRef = E0231F5E1D29E21A00DC7A24 /* MCHandlers.swift */; };
		E023E01B1D281E8400F58077 /* MCReviewViewController.swift in Sources */ = {isa = PBXBuildFile; fileRef = E023E01A1D281E8400F58077 /* MCReviewViewController.swift */; };
		E023E01D1D281E8F00F58077 /* MCCardViewController.swift in Sources */ = {isa = PBXBuildFile; fileRef = E023E01C1D281E8F00F58077 /* MCCardViewController.swift */; };
		E023E0251D2820F300F58077 /* IRANSans.ttf in Resources */ = {isa = PBXBuildFile; fileRef = E023E0201D2820F300F58077 /* IRANSans.ttf */; };
		E023E0261D2820F300F58077 /* IRANSansBold.ttf in Resources */ = {isa = PBXBuildFile; fileRef = E023E0211D2820F300F58077 /* IRANSansBold.ttf */; };
		E023E0271D2820F300F58077 /* IRANSansLight.ttf in Resources */ = {isa = PBXBuildFile; fileRef = E023E0221D2820F300F58077 /* IRANSansLight.ttf */; };
		E023E0281D2820F300F58077 /* IRANSansMobile(FaNum)_Medium.ttf in Resources */ = {isa = PBXBuildFile; fileRef = E023E0231D2820F300F58077 /* IRANSansMobile(FaNum)_Medium.ttf */; };
		E023E0291D2820F300F58077 /* IRANSansUltraLight.ttf in Resources */ = {isa = PBXBuildFile; fileRef = E023E0241D2820F300F58077 /* IRANSansUltraLight.ttf */; };
		E023E02B1D28364C00F58077 /* MCResultViewController.swift in Sources */ = {isa = PBXBuildFile; fileRef = E023E02A1D28364C00F58077 /* MCResultViewController.swift */; };
		E023E02D1D2848D700F58077 /* Room.srt in Resources */ = {isa = PBXBuildFile; fileRef = E023E02C1D2848D700F58077 /* Room.srt */; };
		E023E02F1D284FDF00F58077 /* MCPacksTableViewCell.swift in Sources */ = {isa = PBXBuildFile; fileRef = E023E02E1D284FDF00F58077 /* MCPacksTableViewCell.swift */; };
		E023E0BD1D28702700F58077 /* KMSwizzle.m in Sources */ = {isa = PBXBuildFile; fileRef = E023E0B61D28702700F58077 /* KMSwizzle.m */; };
		E023E0BE1D28702700F58077 /* KMWeakObjectContainer.m in Sources */ = {isa = PBXBuildFile; fileRef = E023E0B81D28702700F58077 /* KMWeakObjectContainer.m */; };
		E023E0BF1D28702700F58077 /* UINavigationController+KMNavigationBarTransition.m in Sources */ = {isa = PBXBuildFile; fileRef = E023E0BA1D28702700F58077 /* UINavigationController+KMNavigationBarTransition.m */; };
		E023E0C01D28702700F58077 /* UIViewController+KMNavigationBarTransition.m in Sources */ = {isa = PBXBuildFile; fileRef = E023E0BC1D28702700F58077 /* UIViewController+KMNavigationBarTransition.m */; };
		E023E0C21D2871F100F58077 /* MoaDistrib.swift in Sources */ = {isa = PBXBuildFile; fileRef = E023E0C11D2871F100F58077 /* MoaDistrib.swift */; };
		E023E0C61D287A3000F58077 /* MCStatusViewController.swift in Sources */ = {isa = PBXBuildFile; fileRef = E023E0C51D287A3000F58077 /* MCStatusViewController.swift */; };
		E0B531191D2718330075F999 /* MCCard.swift in Sources */ = {isa = PBXBuildFile; fileRef = E0B531181D2718330075F999 /* MCCard.swift */; };
		E0B5311B1D27183C0075F999 /* MCPack.swift in Sources */ = {isa = PBXBuildFile; fileRef = E0B5311A1D27183C0075F999 /* MCPack.swift */; };
		E0B5311F1D271B060075F999 /* MCPacksViewController.swift in Sources */ = {isa = PBXBuildFile; fileRef = E0B5311E1D271B060075F999 /* MCPacksViewController.swift */; };
		E0B9CDA61D241FAF00A8C61F /* AppDelegate.swift in Sources */ = {isa = PBXBuildFile; fileRef = E0B9CDA51D241FAF00A8C61F /* AppDelegate.swift */; };
		E0B9CDAB1D241FAF00A8C61F /* Main.storyboard in Resources */ = {isa = PBXBuildFile; fileRef = E0B9CDA91D241FAF00A8C61F /* Main.storyboard */; };
		E0B9CDAD1D241FAF00A8C61F /* Assets.xcassets in Resources */ = {isa = PBXBuildFile; fileRef = E0B9CDAC1D241FAF00A8C61F /* Assets.xcassets */; };
		E0B9CDB01D241FAF00A8C61F /* LaunchScreen.storyboard in Resources */ = {isa = PBXBuildFile; fileRef = E0B9CDAE1D241FAF00A8C61F /* LaunchScreen.storyboard */; };
		E0E05D3A1D2C656E00DC288F /* MCNewPackViewController.swift in Sources */ = {isa = PBXBuildFile; fileRef = E0E05D391D2C656E00DC288F /* MCNewPackViewController.swift */; };
		E0E05D3C1D2C6DB300DC288F /* MCMoviePacksViewController.swift in Sources */ = {isa = PBXBuildFile; fileRef = E0E05D3B1D2C6DB300DC288F /* MCMoviePacksViewController.swift */; };
		E0E05D3E1D2C871700DC288F /* MCHistory.swift in Sources */ = {isa = PBXBuildFile; fileRef = E0E05D3D1D2C871700DC288F /* MCHistory.swift */; };
		E0F5F11E1D2D488800A5D099 /* MCStatusPacksViewController.swift in Sources */ = {isa = PBXBuildFile; fileRef = E0F5F11D1D2D488800A5D099 /* MCStatusPacksViewController.swift */; };
		E0F5F1201D2D489300A5D099 /* MCStatusWordsViewController.swift in Sources */ = {isa = PBXBuildFile; fileRef = E0F5F11F1D2D489300A5D099 /* MCStatusWordsViewController.swift */; };
		E0F5F1241D2D61F900A5D099 /* Charts.xcodeproj in Sources */ = {isa = PBXBuildFile; fileRef = E0F5F1231D2D61F900A5D099 /* Charts.xcodeproj */; };
/* End PBXBuildFile section */

/* Begin PBXContainerItemProxy section */
		7E0501F91D303D7000B874EC /* PBXContainerItemProxy */ = {
			isa = PBXContainerItemProxy;
			containerPortal = E0F5F1231D2D61F900A5D099 /* Charts.xcodeproj */;
			proxyType = 2;
			remoteGlobalIDString = 5BA8EC401A9D14DC00CE82E1;
			remoteInfo = "Charts-iOS";
		};
		7E0501FB1D303D7000B874EC /* PBXContainerItemProxy */ = {
			isa = PBXContainerItemProxy;
			containerPortal = E0F5F1231D2D61F900A5D099 /* Charts.xcodeproj */;
			proxyType = 2;
			remoteGlobalIDString = A52C5C371BAC5CA400594CDD;
			remoteInfo = "Charts-TV";
		};
		7E0501FD1D303D7000B874EC /* PBXContainerItemProxy */ = {
			isa = PBXContainerItemProxy;
			containerPortal = E0F5F1231D2D61F900A5D099 /* Charts.xcodeproj */;
			proxyType = 2;
			remoteGlobalIDString = 65B3F5BF1C7370BE000983D0;
			remoteInfo = "Charts-OSX";
		};
		7E0501FF1D303D7000B874EC /* PBXContainerItemProxy */ = {
			isa = PBXContainerItemProxy;
			containerPortal = E0F5F1231D2D61F900A5D099 /* Charts.xcodeproj */;
			proxyType = 2;
			remoteGlobalIDString = 06AEE7A21BDC3F8B009875AE;
			remoteInfo = ChartsTests;
		};
		7E05020B1D303E5100B874EC /* PBXContainerItemProxy */ = {
			isa = PBXContainerItemProxy;
			containerPortal = E0F5F1251D2D64F500A5D099 /* Charts.xcodeproj */;
			proxyType = 2;
			remoteGlobalIDString = 5BA8EC401A9D14DC00CE82E1;
			remoteInfo = "Charts-iOS";
		};
		7E05020D1D303E5100B874EC /* PBXContainerItemProxy */ = {
			isa = PBXContainerItemProxy;
			containerPortal = E0F5F1251D2D64F500A5D099 /* Charts.xcodeproj */;
			proxyType = 2;
			remoteGlobalIDString = A52C5C371BAC5CA400594CDD;
			remoteInfo = "Charts-TV";
		};
		7E05020F1D303E5100B874EC /* PBXContainerItemProxy */ = {
			isa = PBXContainerItemProxy;
			containerPortal = E0F5F1251D2D64F500A5D099 /* Charts.xcodeproj */;
			proxyType = 2;
			remoteGlobalIDString = 65B3F5BF1C7370BE000983D0;
			remoteInfo = "Charts-OSX";
		};
		7E0502111D303E5100B874EC /* PBXContainerItemProxy */ = {
			isa = PBXContainerItemProxy;
			containerPortal = E0F5F1251D2D64F500A5D099 /* Charts.xcodeproj */;
			proxyType = 2;
			remoteGlobalIDString = 06AEE7A21BDC3F8B009875AE;
			remoteInfo = ChartsTests;
		};
/* End PBXContainerItemProxy section */

/* Begin PBXCopyFilesBuildPhase section */
		E023E0AD1D28562700F58077 /* CopyFiles */ = {
			isa = PBXCopyFilesBuildPhase;
			buildActionMask = 2147483647;
			dstPath = "";
			dstSubfolderSpec = 7;
			files = (
			);
			runOnlyForDeploymentPostprocessing = 0;
		};
		E0F5F1381D2D650300A5D099 /* Embed Frameworks */ = {
			isa = PBXCopyFilesBuildPhase;
			buildActionMask = 2147483647;
			dstPath = "";
			dstSubfolderSpec = 10;
			files = (
			);
			name = "Embed Frameworks";
			runOnlyForDeploymentPostprocessing = 0;
		};
/* End PBXCopyFilesBuildPhase section */

/* Begin PBXFileReference section */
		7E0502531D34283500B874EC /* MCVideoPlayer.swift */ = {isa = PBXFileReference; fileEncoding = 4; lastKnownFileType = sourcecode.swift; path = MCVideoPlayer.swift; sourceTree = "<group>"; };
		7E0502591D3428C800B874EC /* video.mov */ = {isa = PBXFileReference; lastKnownFileType = video.quicktime; path = video.mov; sourceTree = "<group>"; };
		7E8167181D2C2B27009003A4 /* MCNewPackWordsViewController.swift */ = {isa = PBXFileReference; fileEncoding = 4; lastKnownFileType = sourcecode.swift; name = MCNewPackWordsViewController.swift; path = ../MCNewPackWordsViewController.swift; sourceTree = "<group>"; };
		E0231F0C1D29CE6A00DC7A24 /* MCMoviesViewController.swift */ = {isa = PBXFileReference; fileEncoding = 4; lastKnownFileType = sourcecode.swift; path = MCMoviesViewController.swift; sourceTree = "<group>"; };
		E0231F101D29CEE900DC7A24 /* MCMoviesTableViewCell.swift */ = {isa = PBXFileReference; fileEncoding = 4; lastKnownFileType = sourcecode.swift; path = MCMoviesTableViewCell.swift; sourceTree = "<group>"; };
		E0231F121D29CEF700DC7A24 /* MCMoviePacksTableViewCell.swift */ = {isa = PBXFileReference; fileEncoding = 4; lastKnownFileType = sourcecode.swift; path = MCMoviePacksTableViewCell.swift; sourceTree = "<group>"; };
		E0231F151D29D25900DC7A24 /* FrameView.swift */ = {isa = PBXFileReference; fileEncoding = 4; lastKnownFileType = sourcecode.swift; path = FrameView.swift; sourceTree = "<group>"; };
		E0231F161D29D25900DC7A24 /* HUD.swift */ = {isa = PBXFileReference; fileEncoding = 4; lastKnownFileType = sourcecode.swift; path = HUD.swift; sourceTree = "<group>"; };
		E0231F171D29D25900DC7A24 /* Images.xcassets */ = {isa = PBXFileReference; lastKnownFileType = folder.assetcatalog; path = Images.xcassets; sourceTree = "<group>"; };
		E0231F181D29D25900DC7A24 /* Info.plist */ = {isa = PBXFileReference; fileEncoding = 4; lastKnownFileType = text.plist.xml; path = Info.plist; sourceTree = "<group>"; };
		E0231F191D29D25900DC7A24 /* PKHUD.h */ = {isa = PBXFileReference; fileEncoding = 4; lastKnownFileType = sourcecode.c.h; path = PKHUD.h; sourceTree = "<group>"; };
		E0231F1A1D29D25900DC7A24 /* PKHUD.swift */ = {isa = PBXFileReference; fileEncoding = 4; lastKnownFileType = sourcecode.swift; path = PKHUD.swift; sourceTree = "<group>"; };
		E0231F1B1D29D25900DC7A24 /* PKHUDAnimating.swift */ = {isa = PBXFileReference; fileEncoding = 4; lastKnownFileType = sourcecode.swift; path = PKHUDAnimating.swift; sourceTree = "<group>"; };
		E0231F1C1D29D25900DC7A24 /* PKHUDAnimation.swift */ = {isa = PBXFileReference; fileEncoding = 4; lastKnownFileType = sourcecode.swift; path = PKHUDAnimation.swift; sourceTree = "<group>"; };
		E0231F1D1D29D25900DC7A24 /* PKHUDAssets.swift */ = {isa = PBXFileReference; fileEncoding = 4; lastKnownFileType = sourcecode.swift; path = PKHUDAssets.swift; sourceTree = "<group>"; };
		E0231F1E1D29D25900DC7A24 /* PKHUDErrorView.swift */ = {isa = PBXFileReference; fileEncoding = 4; lastKnownFileType = sourcecode.swift; path = PKHUDErrorView.swift; sourceTree = "<group>"; };
		E0231F1F1D29D25900DC7A24 /* PKHUDProgressView.swift */ = {isa = PBXFileReference; fileEncoding = 4; lastKnownFileType = sourcecode.swift; path = PKHUDProgressView.swift; sourceTree = "<group>"; };
		E0231F201D29D25900DC7A24 /* PKHUDRotatingImageView.swift */ = {isa = PBXFileReference; fileEncoding = 4; lastKnownFileType = sourcecode.swift; path = PKHUDRotatingImageView.swift; sourceTree = "<group>"; };
		E0231F211D29D25900DC7A24 /* PKHUDSquareBaseView.swift */ = {isa = PBXFileReference; fileEncoding = 4; lastKnownFileType = sourcecode.swift; path = PKHUDSquareBaseView.swift; sourceTree = "<group>"; };
		E0231F221D29D25900DC7A24 /* PKHUDSuccessView.swift */ = {isa = PBXFileReference; fileEncoding = 4; lastKnownFileType = sourcecode.swift; path = PKHUDSuccessView.swift; sourceTree = "<group>"; };
		E0231F231D29D25900DC7A24 /* PKHUDSystemActivityIndicatorView.swift */ = {isa = PBXFileReference; fileEncoding = 4; lastKnownFileType = sourcecode.swift; path = PKHUDSystemActivityIndicatorView.swift; sourceTree = "<group>"; };
		E0231F241D29D25900DC7A24 /* PKHUDTextView.swift */ = {isa = PBXFileReference; fileEncoding = 4; lastKnownFileType = sourcecode.swift; path = PKHUDTextView.swift; sourceTree = "<group>"; };
		E0231F251D29D25900DC7A24 /* PKHUDWideBaseView.swift */ = {isa = PBXFileReference; fileEncoding = 4; lastKnownFileType = sourcecode.swift; path = PKHUDWideBaseView.swift; sourceTree = "<group>"; };
		E0231F261D29D25900DC7A24 /* Window.swift */ = {isa = PBXFileReference; fileEncoding = 4; lastKnownFileType = sourcecode.swift; path = Window.swift; sourceTree = "<group>"; };
		E0231F271D29D25900DC7A24 /* WindowRootViewController.swift */ = {isa = PBXFileReference; fileEncoding = 4; lastKnownFileType = sourcecode.swift; path = WindowRootViewController.swift; sourceTree = "<group>"; };
		E0231F3C1D29D2BC00DC7A24 /* Bolts.framework */ = {isa = PBXFileReference; lastKnownFileType = wrapper.framework; path = Bolts.framework; sourceTree = "<group>"; };
		E0231F3D1D29D2BC00DC7A24 /* Parse.framework */ = {isa = PBXFileReference; lastKnownFileType = wrapper.framework; path = Parse.framework; sourceTree = "<group>"; };
		E0231F3E1D29D2BC00DC7A24 /* ParseFacebookUtils.framework */ = {isa = PBXFileReference; lastKnownFileType = wrapper.framework; path = ParseFacebookUtils.framework; sourceTree = "<group>"; };
		E0231F3F1D29D2BC00DC7A24 /* ParseFacebookUtilsV4.framework */ = {isa = PBXFileReference; lastKnownFileType = wrapper.framework; path = ParseFacebookUtilsV4.framework; sourceTree = "<group>"; };
		E0231F401D29D2BC00DC7A24 /* ParseTwitterUtils.framework */ = {isa = PBXFileReference; lastKnownFileType = wrapper.framework; path = ParseTwitterUtils.framework; sourceTree = "<group>"; };
		E0231F411D29D2BC00DC7A24 /* ParseUI.framework */ = {isa = PBXFileReference; lastKnownFileType = wrapper.framework; path = ParseUI.framework; sourceTree = "<group>"; };
		E0231F481D29D2CE00DC7A24 /* AudioToolbox.framework */ = {isa = PBXFileReference; lastKnownFileType = wrapper.framework; name = AudioToolbox.framework; path = System/Library/Frameworks/AudioToolbox.framework; sourceTree = SDKROOT; };
		E0231F4A1D29D2D500DC7A24 /* CFNetwork.framework */ = {isa = PBXFileReference; lastKnownFileType = wrapper.framework; name = CFNetwork.framework; path = System/Library/Frameworks/CFNetwork.framework; sourceTree = SDKROOT; };
		E0231F4C1D29D2DC00DC7A24 /* CoreGraphics.framework */ = {isa = PBXFileReference; lastKnownFileType = wrapper.framework; name = CoreGraphics.framework; path = System/Library/Frameworks/CoreGraphics.framework; sourceTree = SDKROOT; };
		E0231F4E1D29D2E200DC7A24 /* CoreLocation.framework */ = {isa = PBXFileReference; lastKnownFileType = wrapper.framework; name = CoreLocation.framework; path = System/Library/Frameworks/CoreLocation.framework; sourceTree = SDKROOT; };
		E0231F501D29D2E900DC7A24 /* QuartzCore.framework */ = {isa = PBXFileReference; lastKnownFileType = wrapper.framework; name = QuartzCore.framework; path = System/Library/Frameworks/QuartzCore.framework; sourceTree = SDKROOT; };
		E0231F521D29D2F000DC7A24 /* Security.framework */ = {isa = PBXFileReference; lastKnownFileType = wrapper.framework; name = Security.framework; path = System/Library/Frameworks/Security.framework; sourceTree = SDKROOT; };
		E0231F541D29D2F600DC7A24 /* StoreKit.framework */ = {isa = PBXFileReference; lastKnownFileType = wrapper.framework; name = StoreKit.framework; path = System/Library/Frameworks/StoreKit.framework; sourceTree = SDKROOT; };
		E0231F561D29D2FC00DC7A24 /* SystemConfiguration.framework */ = {isa = PBXFileReference; lastKnownFileType = wrapper.framework; name = SystemConfiguration.framework; path = System/Library/Frameworks/SystemConfiguration.framework; sourceTree = SDKROOT; };
		E0231F581D29D30100DC7A24 /* libz.tbd */ = {isa = PBXFileReference; lastKnownFileType = "sourcecode.text-based-dylib-definition"; name = libz.tbd; path = usr/lib/libz.tbd; sourceTree = SDKROOT; };
		E0231F5A1D29D30700DC7A24 /* libsqlite3.tbd */ = {isa = PBXFileReference; lastKnownFileType = "sourcecode.text-based-dylib-definition"; name = libsqlite3.tbd; path = usr/lib/libsqlite3.tbd; sourceTree = SDKROOT; };
		E0231F5C1D29D5DE00DC7A24 /* MCOnlinePack.swift */ = {isa = PBXFileReference; fileEncoding = 4; lastKnownFileType = sourcecode.swift; path = MCOnlinePack.swift; sourceTree = "<group>"; };
		E0231F5E1D29E21A00DC7A24 /* MCHandlers.swift */ = {isa = PBXFileReference; fileEncoding = 4; lastKnownFileType = sourcecode.swift; path = MCHandlers.swift; sourceTree = "<group>"; };
		E023E01A1D281E8400F58077 /* MCReviewViewController.swift */ = {isa = PBXFileReference; fileEncoding = 4; lastKnownFileType = sourcecode.swift; path = MCReviewViewController.swift; sourceTree = "<group>"; };
		E023E01C1D281E8F00F58077 /* MCCardViewController.swift */ = {isa = PBXFileReference; fileEncoding = 4; lastKnownFileType = sourcecode.swift; path = MCCardViewController.swift; sourceTree = "<group>"; };
		E023E0201D2820F300F58077 /* IRANSans.ttf */ = {isa = PBXFileReference; lastKnownFileType = file; path = IRANSans.ttf; sourceTree = "<group>"; };
		E023E0211D2820F300F58077 /* IRANSansBold.ttf */ = {isa = PBXFileReference; lastKnownFileType = file; path = IRANSansBold.ttf; sourceTree = "<group>"; };
		E023E0221D2820F300F58077 /* IRANSansLight.ttf */ = {isa = PBXFileReference; lastKnownFileType = file; path = IRANSansLight.ttf; sourceTree = "<group>"; };
		E023E0231D2820F300F58077 /* IRANSansMobile(FaNum)_Medium.ttf */ = {isa = PBXFileReference; lastKnownFileType = file; path = "IRANSansMobile(FaNum)_Medium.ttf"; sourceTree = "<group>"; };
		E023E0241D2820F300F58077 /* IRANSansUltraLight.ttf */ = {isa = PBXFileReference; lastKnownFileType = file; path = IRANSansUltraLight.ttf; sourceTree = "<group>"; };
		E023E02A1D28364C00F58077 /* MCResultViewController.swift */ = {isa = PBXFileReference; fileEncoding = 4; lastKnownFileType = sourcecode.swift; path = MCResultViewController.swift; sourceTree = "<group>"; };
		E023E02C1D2848D700F58077 /* Room.srt */ = {isa = PBXFileReference; fileEncoding = 4; lastKnownFileType = text; path = Room.srt; sourceTree = "<group>"; };
		E023E02E1D284FDF00F58077 /* MCPacksTableViewCell.swift */ = {isa = PBXFileReference; fileEncoding = 4; lastKnownFileType = sourcecode.swift; path = MCPacksTableViewCell.swift; sourceTree = "<group>"; };
		E023E0B51D28702700F58077 /* KMSwizzle.h */ = {isa = PBXFileReference; fileEncoding = 4; lastKnownFileType = sourcecode.c.h; path = KMSwizzle.h; sourceTree = "<group>"; };
		E023E0B61D28702700F58077 /* KMSwizzle.m */ = {isa = PBXFileReference; fileEncoding = 4; lastKnownFileType = sourcecode.c.objc; path = KMSwizzle.m; sourceTree = "<group>"; };
		E023E0B71D28702700F58077 /* KMWeakObjectContainer.h */ = {isa = PBXFileReference; fileEncoding = 4; lastKnownFileType = sourcecode.c.h; path = KMWeakObjectContainer.h; sourceTree = "<group>"; };
		E023E0B81D28702700F58077 /* KMWeakObjectContainer.m */ = {isa = PBXFileReference; fileEncoding = 4; lastKnownFileType = sourcecode.c.objc; path = KMWeakObjectContainer.m; sourceTree = "<group>"; };
		E023E0B91D28702700F58077 /* UINavigationController+KMNavigationBarTransition.h */ = {isa = PBXFileReference; fileEncoding = 4; lastKnownFileType = sourcecode.c.h; path = "UINavigationController+KMNavigationBarTransition.h"; sourceTree = "<group>"; };
		E023E0BA1D28702700F58077 /* UINavigationController+KMNavigationBarTransition.m */ = {isa = PBXFileReference; fileEncoding = 4; lastKnownFileType = sourcecode.c.objc; path = "UINavigationController+KMNavigationBarTransition.m"; sourceTree = "<group>"; };
		E023E0BB1D28702700F58077 /* UIViewController+KMNavigationBarTransition.h */ = {isa = PBXFileReference; fileEncoding = 4; lastKnownFileType = sourcecode.c.h; path = "UIViewController+KMNavigationBarTransition.h"; sourceTree = "<group>"; };
		E023E0BC1D28702700F58077 /* UIViewController+KMNavigationBarTransition.m */ = {isa = PBXFileReference; fileEncoding = 4; lastKnownFileType = sourcecode.c.objc; path = "UIViewController+KMNavigationBarTransition.m"; sourceTree = "<group>"; };
		E023E0C11D2871F100F58077 /* MoaDistrib.swift */ = {isa = PBXFileReference; fileEncoding = 4; lastKnownFileType = sourcecode.swift; path = MoaDistrib.swift; sourceTree = "<group>"; };
		E023E0C51D287A3000F58077 /* MCStatusViewController.swift */ = {isa = PBXFileReference; fileEncoding = 4; lastKnownFileType = sourcecode.swift; path = MCStatusViewController.swift; sourceTree = "<group>"; };
		E0B531181D2718330075F999 /* MCCard.swift */ = {isa = PBXFileReference; fileEncoding = 4; lastKnownFileType = sourcecode.swift; path = MCCard.swift; sourceTree = "<group>"; };
		E0B5311A1D27183C0075F999 /* MCPack.swift */ = {isa = PBXFileReference; fileEncoding = 4; lastKnownFileType = sourcecode.swift; path = MCPack.swift; sourceTree = "<group>"; };
		E0B5311E1D271B060075F999 /* MCPacksViewController.swift */ = {isa = PBXFileReference; fileEncoding = 4; lastKnownFileType = sourcecode.swift; path = MCPacksViewController.swift; sourceTree = "<group>"; };
		E0B9CDA21D241FAE00A8C61F /* MotiveCard.app */ = {isa = PBXFileReference; explicitFileType = wrapper.application; includeInIndex = 0; path = MotiveCard.app; sourceTree = BUILT_PRODUCTS_DIR; };
		E0B9CDA51D241FAF00A8C61F /* AppDelegate.swift */ = {isa = PBXFileReference; lastKnownFileType = sourcecode.swift; path = AppDelegate.swift; sourceTree = "<group>"; };
		E0B9CDAA1D241FAF00A8C61F /* Base */ = {isa = PBXFileReference; lastKnownFileType = file.storyboard; name = Base; path = Base.lproj/Main.storyboard; sourceTree = "<group>"; };
		E0B9CDAC1D241FAF00A8C61F /* Assets.xcassets */ = {isa = PBXFileReference; lastKnownFileType = folder.assetcatalog; path = Assets.xcassets; sourceTree = "<group>"; };
		E0B9CDAF1D241FAF00A8C61F /* Base */ = {isa = PBXFileReference; lastKnownFileType = file.storyboard; name = Base; path = Base.lproj/LaunchScreen.storyboard; sourceTree = "<group>"; };
		E0B9CDB11D241FAF00A8C61F /* Info.plist */ = {isa = PBXFileReference; lastKnownFileType = text.plist.xml; path = Info.plist; sourceTree = "<group>"; };
		E0E05D391D2C656E00DC288F /* MCNewPackViewController.swift */ = {isa = PBXFileReference; fileEncoding = 4; lastKnownFileType = sourcecode.swift; path = MCNewPackViewController.swift; sourceTree = "<group>"; };
		E0E05D3B1D2C6DB300DC288F /* MCMoviePacksViewController.swift */ = {isa = PBXFileReference; fileEncoding = 4; lastKnownFileType = sourcecode.swift; path = MCMoviePacksViewController.swift; sourceTree = "<group>"; };
		E0E05D3D1D2C871700DC288F /* MCHistory.swift */ = {isa = PBXFileReference; fileEncoding = 4; lastKnownFileType = sourcecode.swift; path = MCHistory.swift; sourceTree = "<group>"; };
		E0F5F11D1D2D488800A5D099 /* MCStatusPacksViewController.swift */ = {isa = PBXFileReference; fileEncoding = 4; lastKnownFileType = sourcecode.swift; path = MCStatusPacksViewController.swift; sourceTree = "<group>"; };
		E0F5F11F1D2D489300A5D099 /* MCStatusWordsViewController.swift */ = {isa = PBXFileReference; fileEncoding = 4; lastKnownFileType = sourcecode.swift; path = MCStatusWordsViewController.swift; sourceTree = "<group>"; };
		E0F5F1231D2D61F900A5D099 /* Charts.xcodeproj */ = {isa = PBXFileReference; fileEncoding = 4; lastKnownFileType = "wrapper.pb-project"; name = Charts.xcodeproj; path = "/Users/mohamadreza/Desktop/Charts-master/Charts-master/Charts/Charts.xcodeproj"; sourceTree = "<absolute>"; };
		E0F5F1251D2D64F500A5D099 /* Charts.xcodeproj */ = {isa = PBXFileReference; lastKnownFileType = "wrapper.pb-project"; name = Charts.xcodeproj; path = "/Users/mohamadreza/FrameWorks/Charts-master/Charts-master/Charts/Charts.xcodeproj"; sourceTree = "<absolute>"; };
/* End PBXFileReference section */

/* Begin PBXFrameworksBuildPhase section */
		E0B9CD9F1D241FAE00A8C61F /* Frameworks */ = {
			isa = PBXFrameworksBuildPhase;
			buildActionMask = 2147483647;
			files = (
				E0231F5B1D29D30700DC7A24 /* libsqlite3.tbd in Frameworks */,
				E0231F591D29D30100DC7A24 /* libz.tbd in Frameworks */,
				E0231F571D29D2FC00DC7A24 /* SystemConfiguration.framework in Frameworks */,
				E0231F551D29D2F600DC7A24 /* StoreKit.framework in Frameworks */,
				E0231F531D29D2F000DC7A24 /* Security.framework in Frameworks */,
				E0231F511D29D2E900DC7A24 /* QuartzCore.framework in Frameworks */,
				E0231F4F1D29D2E200DC7A24 /* CoreLocation.framework in Frameworks */,
				E0231F4D1D29D2DC00DC7A24 /* CoreGraphics.framework in Frameworks */,
				E0231F4B1D29D2D500DC7A24 /* CFNetwork.framework in Frameworks */,
				E0231F491D29D2CE00DC7A24 /* AudioToolbox.framework in Frameworks */,
				E0231F471D29D2BC00DC7A24 /* ParseUI.framework in Frameworks */,
				E0231F431D29D2BC00DC7A24 /* Parse.framework in Frameworks */,
				E0231F421D29D2BC00DC7A24 /* Bolts.framework in Frameworks */,
				E0231F451D29D2BC00DC7A24 /* ParseFacebookUtilsV4.framework in Frameworks */,
				E0231F441D29D2BC00DC7A24 /* ParseFacebookUtils.framework in Frameworks */,
				E0231F461D29D2BC00DC7A24 /* ParseTwitterUtils.framework in Frameworks */,
			);
			runOnlyForDeploymentPostprocessing = 0;
		};
/* End PBXFrameworksBuildPhase section */

/* Begin PBXGroup section */
		7E0501F31D303D7000B874EC /* Products */ = {
			isa = PBXGroup;
			children = (
				7E0501FA1D303D7000B874EC /* Charts.framework */,
				7E0501FC1D303D7000B874EC /* Charts.framework */,
				7E0501FE1D303D7000B874EC /* Charts.framework */,
				7E0502001D303D7000B874EC /* ChartsTests.xctest */,
			);
			name = Products;
			sourceTree = "<group>";
		};
		7E0502051D303E5100B874EC /* Products */ = {
			isa = PBXGroup;
			children = (
				7E05020C1D303E5100B874EC /* Charts.framework */,
				7E05020E1D303E5100B874EC /* Charts.framework */,
				7E0502101D303E5100B874EC /* Charts.framework */,
				7E0502121D303E5100B874EC /* ChartsTests.xctest */,
			);
			name = Products;
			sourceTree = "<group>";
		};
		E0231F141D29D25900DC7A24 /* PKHUD */ = {
			isa = PBXGroup;
			children = (
				E0231F151D29D25900DC7A24 /* FrameView.swift */,
				E0231F161D29D25900DC7A24 /* HUD.swift */,
				E0231F171D29D25900DC7A24 /* Images.xcassets */,
				E0231F181D29D25900DC7A24 /* Info.plist */,
				E0231F191D29D25900DC7A24 /* PKHUD.h */,
				E0231F1A1D29D25900DC7A24 /* PKHUD.swift */,
				E0231F1B1D29D25900DC7A24 /* PKHUDAnimating.swift */,
				E0231F1C1D29D25900DC7A24 /* PKHUDAnimation.swift */,
				E0231F1D1D29D25900DC7A24 /* PKHUDAssets.swift */,
				E0231F1E1D29D25900DC7A24 /* PKHUDErrorView.swift */,
				E0231F1F1D29D25900DC7A24 /* PKHUDProgressView.swift */,
				E0231F201D29D25900DC7A24 /* PKHUDRotatingImageView.swift */,
				E0231F211D29D25900DC7A24 /* PKHUDSquareBaseView.swift */,
				E0231F221D29D25900DC7A24 /* PKHUDSuccessView.swift */,
				E0231F231D29D25900DC7A24 /* PKHUDSystemActivityIndicatorView.swift */,
				E0231F241D29D25900DC7A24 /* PKHUDTextView.swift */,
				E0231F251D29D25900DC7A24 /* PKHUDWideBaseView.swift */,
				E0231F261D29D25900DC7A24 /* Window.swift */,
				E0231F271D29D25900DC7A24 /* WindowRootViewController.swift */,
			);
			path = PKHUD;
			sourceTree = "<group>";
		};
		E0231F3A1D29D29200DC7A24 /* Frameworks */ = {
			isa = PBXGroup;
			children = (
				E0231F3B1D29D2BC00DC7A24 /* Parse */,
			);
			path = Frameworks;
			sourceTree = "<group>";
		};
		E0231F3B1D29D2BC00DC7A24 /* Parse */ = {
			isa = PBXGroup;
			children = (
				E0231F5A1D29D30700DC7A24 /* libsqlite3.tbd */,
				E0231F581D29D30100DC7A24 /* libz.tbd */,
				E0231F561D29D2FC00DC7A24 /* SystemConfiguration.framework */,
				E0231F541D29D2F600DC7A24 /* StoreKit.framework */,
				E0231F521D29D2F000DC7A24 /* Security.framework */,
				E0231F501D29D2E900DC7A24 /* QuartzCore.framework */,
				E0231F4E1D29D2E200DC7A24 /* CoreLocation.framework */,
				E0231F4C1D29D2DC00DC7A24 /* CoreGraphics.framework */,
				E0231F4A1D29D2D500DC7A24 /* CFNetwork.framework */,
				E0231F481D29D2CE00DC7A24 /* AudioToolbox.framework */,
				E0231F3C1D29D2BC00DC7A24 /* Bolts.framework */,
				E0231F3D1D29D2BC00DC7A24 /* Parse.framework */,
				E0231F3E1D29D2BC00DC7A24 /* ParseFacebookUtils.framework */,
				E0231F3F1D29D2BC00DC7A24 /* ParseFacebookUtilsV4.framework */,
				E0231F401D29D2BC00DC7A24 /* ParseTwitterUtils.framework */,
				E0231F411D29D2BC00DC7A24 /* ParseUI.framework */,
			);
			path = Parse;
			sourceTree = "<group>";
		};
		E023E01E1D2820DF00F58077 /* Fonts */ = {
			isa = PBXGroup;
			children = (
				E023E01F1D2820F300F58077 /* IRAN */,
			);
			path = Fonts;
			sourceTree = "<group>";
		};
		E023E01F1D2820F300F58077 /* IRAN */ = {
			isa = PBXGroup;
			children = (
				E023E0201D2820F300F58077 /* IRANSans.ttf */,
				E023E0211D2820F300F58077 /* IRANSansBold.ttf */,
				E023E0221D2820F300F58077 /* IRANSansLight.ttf */,
				E023E0231D2820F300F58077 /* IRANSansMobile(FaNum)_Medium.ttf */,
				E023E0241D2820F300F58077 /* IRANSansUltraLight.ttf */,
			);
			path = IRAN;
			sourceTree = "<group>";
		};
		E023E0301D284FE200F58077 /* Cells */ = {
			isa = PBXGroup;
			children = (
				E023E02E1D284FDF00F58077 /* MCPacksTableViewCell.swift */,
				E0231F101D29CEE900DC7A24 /* MCMoviesTableViewCell.swift */,
				E0231F121D29CEF700DC7A24 /* MCMoviePacksTableViewCell.swift */,
			);
			name = Cells;
			sourceTree = "<group>";
		};
		E023E0311D28555400F58077 /* Components */ = {
			isa = PBXGroup;
			children = (
				7E0502591D3428C800B874EC /* video.mov */,
				E0F5F1251D2D64F500A5D099 /* Charts.xcodeproj */,
				E0231F141D29D25900DC7A24 /* PKHUD */,
				E023E0C11D2871F100F58077 /* MoaDistrib.swift */,
				E023E0B41D28702700F58077 /* KMNavigationBarTransition */,
			);
			path = Components;
			sourceTree = "<group>";
		};
		E023E0B41D28702700F58077 /* KMNavigationBarTransition */ = {
			isa = PBXGroup;
			children = (
				E023E0B51D28702700F58077 /* KMSwizzle.h */,
				E023E0B61D28702700F58077 /* KMSwizzle.m */,
				E023E0B71D28702700F58077 /* KMWeakObjectContainer.h */,
				E023E0B81D28702700F58077 /* KMWeakObjectContainer.m */,
				E023E0B91D28702700F58077 /* UINavigationController+KMNavigationBarTransition.h */,
				E023E0BA1D28702700F58077 /* UINavigationController+KMNavigationBarTransition.m */,
				E023E0BB1D28702700F58077 /* UIViewController+KMNavigationBarTransition.h */,
				E023E0BC1D28702700F58077 /* UIViewController+KMNavigationBarTransition.m */,
			);
			path = KMNavigationBarTransition;
			sourceTree = "<group>";
		};
		E0B530D11D2531720075F999 /* ViewControllers */ = {
			isa = PBXGroup;
			children = (
				E0F5F11C1D2D471800A5D099 /* Review */,
				E0F5F1191D2D46FB00A5D099 /* Make */,
				E0F5F1211D2D489700A5D099 /* Status */,
				E0F5F1221D2D61E900A5D099 /* History */,
				E023E0301D284FE200F58077 /* Cells */,
			);
			path = ViewControllers;
			sourceTree = "<group>";
		};
		E0B531171D2718100075F999 /* Models */ = {
			isa = PBXGroup;
			children = (
				E0231F5E1D29E21A00DC7A24 /* MCHandlers.swift */,
				E0B531181D2718330075F999 /* MCCard.swift */,
				E0B5311A1D27183C0075F999 /* MCPack.swift */,
				E0231F5C1D29D5DE00DC7A24 /* MCOnlinePack.swift */,
				E0E05D3D1D2C871700DC288F /* MCHistory.swift */,
			);
			path = Models;
			sourceTree = "<group>";
		};
		E0B9CD991D241FAE00A8C61F = {
			isa = PBXGroup;
			children = (
				E0B9CDA41D241FAF00A8C61F /* MotiveCard */,
				E0B9CDA31D241FAE00A8C61F /* Products */,
			);
			sourceTree = "<group>";
		};
		E0B9CDA31D241FAE00A8C61F /* Products */ = {
			isa = PBXGroup;
			children = (
				E0B9CDA21D241FAE00A8C61F /* MotiveCard.app */,
			);
			name = Products;
			sourceTree = "<group>";
		};
		E0B9CDA41D241FAF00A8C61F /* MotiveCard */ = {
			isa = PBXGroup;
			children = (
				E0B9CDA51D241FAF00A8C61F /* AppDelegate.swift */,
				E0B9CDA91D241FAF00A8C61F /* Main.storyboard */,
				E0B9CDAC1D241FAF00A8C61F /* Assets.xcassets */,
				E0B9CDAE1D241FAF00A8C61F /* LaunchScreen.storyboard */,
				E0B9CDB11D241FAF00A8C61F /* Info.plist */,
				E023E02C1D2848D700F58077 /* Room.srt */,
				E0B531171D2718100075F999 /* Models */,
				E0B530D11D2531720075F999 /* ViewControllers */,
				E023E0311D28555400F58077 /* Components */,
				E0231F3A1D29D29200DC7A24 /* Frameworks */,
				E023E01E1D2820DF00F58077 /* Fonts */,
			);
			path = MotiveCard;
			sourceTree = "<group>";
		};
		E0F5F1191D2D46FB00A5D099 /* Make */ = {
			isa = PBXGroup;
			children = (
				E0E05D391D2C656E00DC288F /* MCNewPackViewController.swift */,
				7E8167181D2C2B27009003A4 /* MCNewPackWordsViewController.swift */,
			);
			name = Make;
			sourceTree = "<group>";
		};
		E0F5F11A1D2D470B00A5D099 /* Online */ = {
			isa = PBXGroup;
			children = (
				E0231F0C1D29CE6A00DC7A24 /* MCMoviesViewController.swift */,
				E0E05D3B1D2C6DB300DC288F /* MCMoviePacksViewController.swift */,
			);
			name = Online;
			sourceTree = "<group>";
		};
		E0F5F11B1D2D471300A5D099 /* Local */ = {
			isa = PBXGroup;
			children = (
				E0B5311E1D271B060075F999 /* MCPacksViewController.swift */,
				E023E01A1D281E8400F58077 /* MCReviewViewController.swift */,
				E023E01C1D281E8F00F58077 /* MCCardViewController.swift */,
				E023E02A1D28364C00F58077 /* MCResultViewController.swift */,
				E023E0C51D287A3000F58077 /* MCStatusViewController.swift */,
				7E0502531D34283500B874EC /* MCVideoPlayer.swift */,
			);
			name = Local;
			sourceTree = "<group>";
		};
		E0F5F11C1D2D471800A5D099 /* Review */ = {
			isa = PBXGroup;
			children = (
				E0F5F11B1D2D471300A5D099 /* Local */,
				E0F5F11A1D2D470B00A5D099 /* Online */,
			);
			name = Review;
			sourceTree = "<group>";
		};
		E0F5F1211D2D489700A5D099 /* Status */ = {
			isa = PBXGroup;
			children = (
				E0F5F11D1D2D488800A5D099 /* MCStatusPacksViewController.swift */,
				E0F5F11F1D2D489300A5D099 /* MCStatusWordsViewController.swift */,
			);
			name = Status;
			sourceTree = "<group>";
		};
		E0F5F1221D2D61E900A5D099 /* History */ = {
			isa = PBXGroup;
			children = (
				E0F5F1231D2D61F900A5D099 /* Charts.xcodeproj */,
			);
			name = History;
			sourceTree = "<group>";
		};
/* End PBXGroup section */

/* Begin PBXNativeTarget section */
		E0B9CDA11D241FAE00A8C61F /* MotiveCard */ = {
			isa = PBXNativeTarget;
			buildConfigurationList = E0B9CDB41D241FAF00A8C61F /* Build configuration list for PBXNativeTarget "MotiveCard" */;
			buildPhases = (
				E0B9CD9E1D241FAE00A8C61F /* Sources */,
				E0B9CD9F1D241FAE00A8C61F /* Frameworks */,
				E0B9CDA01D241FAE00A8C61F /* Resources */,
				E023E0AD1D28562700F58077 /* CopyFiles */,
				E0F5F1381D2D650300A5D099 /* Embed Frameworks */,
			);
			buildRules = (
			);
			dependencies = (
			);
			name = MotiveCard;
			productName = MotiveCard;
			productReference = E0B9CDA21D241FAE00A8C61F /* MotiveCard.app */;
			productType = "com.apple.product-type.application";
		};
/* End PBXNativeTarget section */

/* Begin PBXProject section */
		E0B9CD9A1D241FAE00A8C61F /* Project object */ = {
			isa = PBXProject;
			attributes = {
				CLASSPREFIX = MC;
				LastSwiftUpdateCheck = 0730;
				LastUpgradeCheck = 0730;
				ORGANIZATIONNAME = Ahmad;
				TargetAttributes = {
					E0B9CDA11D241FAE00A8C61F = {
						CreatedOnToolsVersion = 7.3;
					};
				};
			};
			buildConfigurationList = E0B9CD9D1D241FAE00A8C61F /* Build configuration list for PBXProject "MotiveCard" */;
			compatibilityVersion = "Xcode 3.2";
			developmentRegion = English;
			hasScannedForEncodings = 0;
			knownRegions = (
				en,
				Base,
			);
			mainGroup = E0B9CD991D241FAE00A8C61F;
			productRefGroup = E0B9CDA31D241FAE00A8C61F /* Products */;
			projectDirPath = "";
			projectReferences = (
				{
					ProductGroup = 7E0501F31D303D7000B874EC /* Products */;
					ProjectRef = E0F5F1231D2D61F900A5D099 /* Charts.xcodeproj */;
				},
				{
					ProductGroup = 7E0502051D303E5100B874EC /* Products */;
					ProjectRef = E0F5F1251D2D64F500A5D099 /* Charts.xcodeproj */;
				},
			);
			projectRoot = "";
			targets = (
				E0B9CDA11D241FAE00A8C61F /* MotiveCard */,
			);
		};
/* End PBXProject section */

/* Begin PBXReferenceProxy section */
		7E0501FA1D303D7000B874EC /* Charts.framework */ = {
			isa = PBXReferenceProxy;
			fileType = wrapper.framework;
			path = Charts.framework;
			remoteRef = 7E0501F91D303D7000B874EC /* PBXContainerItemProxy */;
			sourceTree = BUILT_PRODUCTS_DIR;
		};
		7E0501FC1D303D7000B874EC /* Charts.framework */ = {
			isa = PBXReferenceProxy;
			fileType = wrapper.framework;
			path = Charts.framework;
			remoteRef = 7E0501FB1D303D7000B874EC /* PBXContainerItemProxy */;
			sourceTree = BUILT_PRODUCTS_DIR;
		};
		7E0501FE1D303D7000B874EC /* Charts.framework */ = {
			isa = PBXReferenceProxy;
			fileType = wrapper.framework;
			path = Charts.framework;
			remoteRef = 7E0501FD1D303D7000B874EC /* PBXContainerItemProxy */;
			sourceTree = BUILT_PRODUCTS_DIR;
		};
		7E0502001D303D7000B874EC /* ChartsTests.xctest */ = {
			isa = PBXReferenceProxy;
			fileType = wrapper.cfbundle;
			path = ChartsTests.xctest;
			remoteRef = 7E0501FF1D303D7000B874EC /* PBXContainerItemProxy */;
			sourceTree = BUILT_PRODUCTS_DIR;
		};
		7E05020C1D303E5100B874EC /* Charts.framework */ = {
			isa = PBXReferenceProxy;
			fileType = wrapper.framework;
			path = Charts.framework;
			remoteRef = 7E05020B1D303E5100B874EC /* PBXContainerItemProxy */;
			sourceTree = BUILT_PRODUCTS_DIR;
		};
		7E05020E1D303E5100B874EC /* Charts.framework */ = {
			isa = PBXReferenceProxy;
			fileType = wrapper.framework;
			path = Charts.framework;
			remoteRef = 7E05020D1D303E5100B874EC /* PBXContainerItemProxy */;
			sourceTree = BUILT_PRODUCTS_DIR;
		};
		7E0502101D303E5100B874EC /* Charts.framework */ = {
			isa = PBXReferenceProxy;
			fileType = wrapper.framework;
			path = Charts.framework;
			remoteRef = 7E05020F1D303E5100B874EC /* PBXContainerItemProxy */;
			sourceTree = BUILT_PRODUCTS_DIR;
		};
		7E0502121D303E5100B874EC /* ChartsTests.xctest */ = {
			isa = PBXReferenceProxy;
			fileType = wrapper.cfbundle;
			path = ChartsTests.xctest;
			remoteRef = 7E0502111D303E5100B874EC /* PBXContainerItemProxy */;
			sourceTree = BUILT_PRODUCTS_DIR;
		};
/* End PBXReferenceProxy section */

/* Begin PBXResourcesBuildPhase section */
		E0B9CDA01D241FAE00A8C61F /* Resources */ = {
			isa = PBXResourcesBuildPhase;
			buildActionMask = 2147483647;
			files = (
				E023E0271D2820F300F58077 /* IRANSansLight.ttf in Resources */,
				E0231F2A1D29D25900DC7A24 /* Images.xcassets in Resources */,
				E023E0291D2820F300F58077 /* IRANSansUltraLight.ttf in Resources */,
				E0B9CDB01D241FAF00A8C61F /* LaunchScreen.storyboard in Resources */,
				E023E0281D2820F300F58077 /* IRANSansMobile(FaNum)_Medium.ttf in Resources */,
				E023E02D1D2848D700F58077 /* Room.srt in Resources */,
				7E05025A1D3428C800B874EC /* video.mov in Resources */,
				E0B9CDAD1D241FAF00A8C61F /* Assets.xcassets in Resources */,
				E0B9CDAB1D241FAF00A8C61F /* Main.storyboard in Resources */,
				E0231F2B1D29D25900DC7A24 /* Info.plist in Resources */,
				E023E0251D2820F300F58077 /* IRANSans.ttf in Resources */,
				E023E0261D2820F300F58077 /* IRANSansBold.ttf in Resources */,
			);
			runOnlyForDeploymentPostprocessing = 0;
		};
/* End PBXResourcesBuildPhase section */

/* Begin PBXSourcesBuildPhase section */
		E0B9CD9E1D241FAE00A8C61F /* Sources */ = {
			isa = PBXSourcesBuildPhase;
			buildActionMask = 2147483647;
			files = (
				E0B5311F1D271B060075F999 /* MCPacksViewController.swift in Sources */,
				E0231F2C1D29D25900DC7A24 /* PKHUD.swift in Sources */,
				E0231F291D29D25900DC7A24 /* HUD.swift in Sources */,
				E0231F331D29D25900DC7A24 /* PKHUDSquareBaseView.swift in Sources */,
				E023E0BF1D28702700F58077 /* UINavigationController+KMNavigationBarTransition.m in Sources */,
				E023E01B1D281E8400F58077 /* MCReviewViewController.swift in Sources */,
				E023E0C01D28702700F58077 /* UIViewController+KMNavigationBarTransition.m in Sources */,
				E023E02F1D284FDF00F58077 /* MCPacksTableViewCell.swift in Sources */,
				E023E02B1D28364C00F58077 /* MCResultViewController.swift in Sources */,
				E0E05D3A1D2C656E00DC288F /* MCNewPackViewController.swift in Sources */,
				E023E0C61D287A3000F58077 /* MCStatusViewController.swift in Sources */,
				7E0502541D34283500B874EC /* MCVideoPlayer.swift in Sources */,
				E0F5F1201D2D489300A5D099 /* MCStatusWordsViewController.swift in Sources */,
				E0B531191D2718330075F999 /* MCCard.swift in Sources */,
				E0231F5F1D29E21A00DC7A24 /* MCHandlers.swift in Sources */,
				E0231F341D29D25900DC7A24 /* PKHUDSuccessView.swift in Sources */,
				E0231F371D29D25900DC7A24 /* PKHUDWideBaseView.swift in Sources */,
				E0231F111D29CEE900DC7A24 /* MCMoviesTableViewCell.swift in Sources */,
				E0231F281D29D25900DC7A24 /* FrameView.swift in Sources */,
				E0231F2D1D29D25900DC7A24 /* PKHUDAnimating.swift in Sources */,
				E0E05D3C1D2C6DB300DC288F /* MCMoviePacksViewController.swift in Sources */,
				E0231F361D29D25900DC7A24 /* PKHUDTextView.swift in Sources */,
				7E8167191D2C2B27009003A4 /* MCNewPackWordsViewController.swift in Sources */,
				E0231F321D29D25900DC7A24 /* PKHUDRotatingImageView.swift in Sources */,
				E0231F351D29D25900DC7A24 /* PKHUDSystemActivityIndicatorView.swift in Sources */,
				E0E05D3E1D2C871700DC288F /* MCHistory.swift in Sources */,
				E0231F0D1D29CE6A00DC7A24 /* MCMoviesViewController.swift in Sources */,
				E023E0C21D2871F100F58077 /* MoaDistrib.swift in Sources */,
				E0231F391D29D25900DC7A24 /* WindowRootViewController.swift in Sources */,
				E0231F2E1D29D25900DC7A24 /* PKHUDAnimation.swift in Sources */,
				E0B9CDA61D241FAF00A8C61F /* AppDelegate.swift in Sources */,
				E023E0BE1D28702700F58077 /* KMWeakObjectContainer.m in Sources */,
				E0231F2F1D29D25900DC7A24 /* PKHUDAssets.swift in Sources */,
				E0231F311D29D25900DC7A24 /* PKHUDProgressView.swift in Sources */,
				E0F5F1241D2D61F900A5D099 /* Charts.xcodeproj in Sources */,
				E023E01D1D281E8F00F58077 /* MCCardViewController.swift in Sources */,
				E0231F5D1D29D5DE00DC7A24 /* MCOnlinePack.swift in Sources */,
				E023E0BD1D28702700F58077 /* KMSwizzle.m in Sources */,
				E0F5F11E1D2D488800A5D099 /* MCStatusPacksViewController.swift in Sources */,
				E0B5311B1D27183C0075F999 /* MCPack.swift in Sources */,
				E0231F131D29CEF700DC7A24 /* MCMoviePacksTableViewCell.swift in Sources */,
				E0231F301D29D25900DC7A24 /* PKHUDErrorView.swift in Sources */,
				E0231F381D29D25900DC7A24 /* Window.swift in Sources */,
			);
			runOnlyForDeploymentPostprocessing = 0;
		};
/* End PBXSourcesBuildPhase section */

/* Begin PBXVariantGroup section */
		E0B9CDA91D241FAF00A8C61F /* Main.storyboard */ = {
			isa = PBXVariantGroup;
			children = (
				E0B9CDAA1D241FAF00A8C61F /* Base */,
			);
			name = Main.storyboard;
			sourceTree = "<group>";
		};
		E0B9CDAE1D241FAF00A8C61F /* LaunchScreen.storyboard */ = {
			isa = PBXVariantGroup;
			children = (
				E0B9CDAF1D241FAF00A8C61F /* Base */,
			);
			name = LaunchScreen.storyboard;
			sourceTree = "<group>";
		};
/* End PBXVariantGroup section */

/* Begin XCBuildConfiguration section */
		E0B9CDB21D241FAF00A8C61F /* Debug */ = {
			isa = XCBuildConfiguration;
			buildSettings = {
				ALWAYS_SEARCH_USER_PATHS = NO;
				CLANG_ANALYZER_NONNULL = YES;
				CLANG_CXX_LANGUAGE_STANDARD = "gnu++0x";
				CLANG_CXX_LIBRARY = "libc++";
				CLANG_ENABLE_MODULES = YES;
				CLANG_ENABLE_OBJC_ARC = YES;
				CLANG_WARN_BOOL_CONVERSION = YES;
				CLANG_WARN_CONSTANT_CONVERSION = YES;
				CLANG_WARN_DIRECT_OBJC_ISA_USAGE = YES_ERROR;
				CLANG_WARN_EMPTY_BODY = YES;
				CLANG_WARN_ENUM_CONVERSION = YES;
				CLANG_WARN_INT_CONVERSION = YES;
				CLANG_WARN_OBJC_ROOT_CLASS = YES_ERROR;
				CLANG_WARN_UNREACHABLE_CODE = YES;
				CLANG_WARN__DUPLICATE_METHOD_MATCH = YES;
				"CODE_SIGN_IDENTITY[sdk=iphoneos*]" = "iPhone Developer";
				COPY_PHASE_STRIP = NO;
				DEBUG_INFORMATION_FORMAT = dwarf;
				ENABLE_STRICT_OBJC_MSGSEND = YES;
				ENABLE_TESTABILITY = YES;
				GCC_C_LANGUAGE_STANDARD = gnu99;
				GCC_DYNAMIC_NO_PIC = NO;
				GCC_NO_COMMON_BLOCKS = YES;
				GCC_OPTIMIZATION_LEVEL = 0;
				GCC_PREPROCESSOR_DEFINITIONS = (
					"DEBUG=1",
					"$(inherited)",
				);
				GCC_WARN_64_TO_32_BIT_CONVERSION = YES;
				GCC_WARN_ABOUT_RETURN_TYPE = YES_ERROR;
				GCC_WARN_UNDECLARED_SELECTOR = YES;
				GCC_WARN_UNINITIALIZED_AUTOS = YES_AGGRESSIVE;
				GCC_WARN_UNUSED_FUNCTION = YES;
				GCC_WARN_UNUSED_VARIABLE = YES;
				IPHONEOS_DEPLOYMENT_TARGET = 9.3;
				MTL_ENABLE_DEBUG_INFO = YES;
				ONLY_ACTIVE_ARCH = YES;
				SDKROOT = iphoneos;
				SWIFT_OPTIMIZATION_LEVEL = "-Onone";
				TARGETED_DEVICE_FAMILY = "1,2";
			};
			name = Debug;
		};
		E0B9CDB31D241FAF00A8C61F /* Release */ = {
			isa = XCBuildConfiguration;
			buildSettings = {
				ALWAYS_SEARCH_USER_PATHS = NO;
				CLANG_ANALYZER_NONNULL = YES;
				CLANG_CXX_LANGUAGE_STANDARD = "gnu++0x";
				CLANG_CXX_LIBRARY = "libc++";
				CLANG_ENABLE_MODULES = YES;
				CLANG_ENABLE_OBJC_ARC = YES;
				CLANG_WARN_BOOL_CONVERSION = YES;
				CLANG_WARN_CONSTANT_CONVERSION = YES;
				CLANG_WARN_DIRECT_OBJC_ISA_USAGE = YES_ERROR;
				CLANG_WARN_EMPTY_BODY = YES;
				CLANG_WARN_ENUM_CONVERSION = YES;
				CLANG_WARN_INT_CONVERSION = YES;
				CLANG_WARN_OBJC_ROOT_CLASS = YES_ERROR;
				CLANG_WARN_UNREACHABLE_CODE = YES;
				CLANG_WARN__DUPLICATE_METHOD_MATCH = YES;
				"CODE_SIGN_IDENTITY[sdk=iphoneos*]" = "iPhone Developer";
				COPY_PHASE_STRIP = NO;
				DEBUG_INFORMATION_FORMAT = "dwarf-with-dsym";
				ENABLE_NS_ASSERTIONS = NO;
				ENABLE_STRICT_OBJC_MSGSEND = YES;
				GCC_C_LANGUAGE_STANDARD = gnu99;
				GCC_NO_COMMON_BLOCKS = YES;
				GCC_WARN_64_TO_32_BIT_CONVERSION = YES;
				GCC_WARN_ABOUT_RETURN_TYPE = YES_ERROR;
				GCC_WARN_UNDECLARED_SELECTOR = YES;
				GCC_WARN_UNINITIALIZED_AUTOS = YES_AGGRESSIVE;
				GCC_WARN_UNUSED_FUNCTION = YES;
				GCC_WARN_UNUSED_VARIABLE = YES;
				IPHONEOS_DEPLOYMENT_TARGET = 9.3;
				MTL_ENABLE_DEBUG_INFO = NO;
				SDKROOT = iphoneos;
				TARGETED_DEVICE_FAMILY = "1,2";
				VALIDATE_PRODUCT = YES;
			};
			name = Release;
		};
		E0B9CDB51D241FAF00A8C61F /* Debug */ = {
			isa = XCBuildConfiguration;
			buildSettings = {
				ASSETCATALOG_COMPILER_APPICON_NAME = AppIcon;
				EMBEDDED_CONTENT_CONTAINS_SWIFT = YES;
				FRAMEWORK_SEARCH_PATHS = (
					"$(inherited)",
					"$(PROJECT_DIR)/MotiveCard/Frameworks/Parse",
				);
				INFOPLIST_FILE = MotiveCard/Info.plist;
				IPHONEOS_DEPLOYMENT_TARGET = 8.0;
				LD_RUNPATH_SEARCH_PATHS = "$(inherited) @executable_path/Frameworks";
				PRODUCT_BUNDLE_IDENTIFIER = com.ahmad.MotiveCard;
				PRODUCT_NAME = "$(TARGET_NAME)";
			};
			name = Debug;
		};
		E0B9CDB61D241FAF00A8C61F /* Release */ = {
			isa = XCBuildConfiguration;
			buildSettings = {
				ASSETCATALOG_COMPILER_APPICON_NAME = AppIcon;
				EMBEDDED_CONTENT_CONTAINS_SWIFT = YES;
				FRAMEWORK_SEARCH_PATHS = (
					"$(inherited)",
					"$(PROJECT_DIR)/MotiveCard/Frameworks/Parse",
				);
				INFOPLIST_FILE = MotiveCard/Info.plist;
				IPHONEOS_DEPLOYMENT_TARGET = 8.0;
				LD_RUNPATH_SEARCH_PATHS = "$(inherited) @executable_path/Frameworks";
				PRODUCT_BUNDLE_IDENTIFIER = com.ahmad.MotiveCard;
				PRODUCT_NAME = "$(TARGET_NAME)";
			};
			name = Release;
		};
/* End XCBuildConfiguration section */

/* Begin XCConfigurationList section */
		E0B9CD9D1D241FAE00A8C61F /* Build configuration list for PBXProject "MotiveCard" */ = {
			isa = XCConfigurationList;
			buildConfigurations = (
				E0B9CDB21D241FAF00A8C61F /* Debug */,
				E0B9CDB31D241FAF00A8C61F /* Release */,
			);
			defaultConfigurationIsVisible = 0;
			defaultConfigurationName = Release;
		};
		E0B9CDB41D241FAF00A8C61F /* Build configuration list for PBXNativeTarget "MotiveCard" */ = {
			isa = XCConfigurationList;
			buildConfigurations = (
				E0B9CDB51D241FAF00A8C61F /* Debug */,
				E0B9CDB61D241FAF00A8C61F /* Release */,
			);
			defaultConfigurationIsVisible = 0;
			defaultConfigurationName = Release;
		};
/* End XCConfigurationList section */
	};
	rootObject = E0B9CD9A1D241FAE00A8C61F /* Project object */;
}
